# This file was autogenerated by Stack.
# You should not edit this file by hand.
# For more information, please see the documentation at:
#   https://docs.haskellstack.org/en/stable/lock_files

packages:
- completed:
    hackage: cabal-helper-0.7.3.0@sha256:1ec0e453ac2b600db0767b99546f963f50436186f55f7794cef81f803a2c1b4a,6654
    pantry-tree:
      sha256: de7f3a8165e3fcfd519a7b16b2908982573442b0b06a0953f2a467f85e3f6137
      size: 946
  original:
    hackage: cabal-helper-0.7.3.0@sha256:1ec0e453ac2b600db0767b99546f963f50436186f55f7794cef81f803a2c1b4a,6654
- completed:
    hackage: djinn-ghc-0.0.2.3@sha256:0daf55cd1842fe05ca9e1a3dbe868a847a60060066c58420a26cc8662e881efa,816
    pantry-tree:
      sha256: 9dab1f1e2efc437a5c53e18b0b9c94b2407c5fbf4015754aa3fa72f21cd4f497
      size: 209
  original:
    hackage: djinn-ghc-0.0.2.3@sha256:0daf55cd1842fe05ca9e1a3dbe868a847a60060066c58420a26cc8662e881efa,816
- completed:
    hackage: ghc-syb-utils-0.2.3.3@sha256:fc4cd944bbd4d5160b2ee8bb458974a135c0abbd9941fb6e5f9180164efd091a,1302
    pantry-tree:
      sha256: 7196851c1114be35c275332b9d23856e396581dd0fd8491d9ef74c57809e983f
      size: 345
  original:
    hackage: ghc-syb-utils-0.2.3.3@sha256:fc4cd944bbd4d5160b2ee8bb458974a135c0abbd9941fb6e5f9180164efd091a,1302
- completed:
    hackage: stylish-haskell-0.14.3.0@sha256:9d8862448d6ea424d79b397202044e6ef8a824910df91e3fb25b360234c2c811,4363
    pantry-tree:
      sha256: 71716713e624f793253cde0cd719a870b33145c9d258787f3ad43ca38f543cc6
      size: 3891
  original:
    hackage: stylish-haskell-0.14.3.0@sha256:9d8862448d6ea424d79b397202044e6ef8a824910df91e3fb25b360234c2c811,4363
snapshots: []
